# This file is automatically @generated by Cargo.
# It is not intended for manual editing.
version = 4

[[package]]
name = "as_repr"
version = "1.0.1"
source = "registry+https://github.com/rust-lang/crates.io-index"
checksum = "94030bbfc93f4c09a4861a46a94856b4e596eca7a747031de04c34fd37356f48"

[[package]]
name = "ranch"
version = "0.2.1"
dependencies = [
 "as_repr",
]
